
Microsoft Visual Studio Solution File, Format Version 12.00
# Visual Studio Version 17
VisualStudioVersion = 17.7.33808.371
MinimumVisualStudioVersion = 10.0.40219.1
Project("{FAE04EC0-301F-11D3-BF4B-00C04F79EFBC}") = "AzureADSample1", "AzureADSample1\AzureADSample1.csproj", "{4982E59A-1B5B-4720-B77A-5F7DEF08954D}"
EndProject
Global
	GlobalSection(SolutionConfigurationPlatforms) = preSolution
		Debug|Any CPU = Debug|Any CPU
		Release|Any CPU = Release|Any CPU
	EndGlobalSection
	GlobalSection(ProjectConfigurationPlatforms) = postSolution
		{4982E59A-1B5B-4720-B77A-5F7DEF08954D}.Debug|Any CPU.ActiveCfg = Debug|Any CPU
		{4982E59A-1B5B-4720-B77A-5F7DEF08954D}.Debug|Any CPU.Build.0 = Debug|Any CPU
		{4982E59A-1B5B-4720-B77A-5F7DEF08954D}.Release|Any CPU.ActiveCfg = Release|Any CPU
		{4982E59A-1B5B-4720-B77A-5F7DEF08954D}.Release|Any CPU.Build.0 = Release|Any CPU
	EndGlobalSection
	GlobalSection(SolutionProperties) = preSolution
		HideSolutionNode = FALSE
	EndGlobalSection
	GlobalSection(ExtensibilityGlobals) = postSolution
		SolutionGuid = {B496D756-7F6A-4B46-8BF8-0E13965DF79E}
	EndGlobalSection
EndGlobal
